
Microsoft Visual Studio Solution File, Format Version 12.00
# Visual Studio 15
VisualStudioVersion = 15.0.28307.329
MinimumVisualStudioVersion = 10.0.40219.1
Project("{FAE04EC0-301F-11D3-BF4B-00C04F79EFBC}") = "LoggingDLL", "LoggingDLL\LoggingDLL.csproj", "{A472A253-F3E4-4654-90A7-9FCEF0D097F0}"
EndProject
Project("{FAE04EC0-301F-11D3-BF4B-00C04F79EFBC}") = "AdministrateUsers", "CreateNewUser\AdministrateUsers.csproj", "{BE1FD643-E207-4219-A447-6FD0EFC6EC3E}"
EndProject
Project("{FAE04EC0-301F-11D3-BF4B-00C04F79EFBC}") = "SendingMessages", "SendingMessages\SendingMessages.csproj", "{10C2A714-C686-4D7B-8E58-C4C4DD12C1CB}"
EndProject
Global
	GlobalSection(SolutionConfigurationPlatforms) = preSolution
		Debug|Any CPU = Debug|Any CPU
		Release|Any CPU = Release|Any CPU
	EndGlobalSection
	GlobalSection(ProjectConfigurationPlatforms) = postSolution
		{A472A253-F3E4-4654-90A7-9FCEF0D097F0}.Debug|Any CPU.ActiveCfg = Debug|Any CPU
		{A472A253-F3E4-4654-90A7-9FCEF0D097F0}.Debug|Any CPU.Build.0 = Debug|Any CPU
		{A472A253-F3E4-4654-90A7-9FCEF0D097F0}.Release|Any CPU.ActiveCfg = Release|Any CPU
		{A472A253-F3E4-4654-90A7-9FCEF0D097F0}.Release|Any CPU.Build.0 = Release|Any CPU
		{BE1FD643-E207-4219-A447-6FD0EFC6EC3E}.Debug|Any CPU.ActiveCfg = Debug|Any CPU
		{BE1FD643-E207-4219-A447-6FD0EFC6EC3E}.Debug|Any CPU.Build.0 = Debug|Any CPU
		{BE1FD643-E207-4219-A447-6FD0EFC6EC3E}.Release|Any CPU.ActiveCfg = Release|Any CPU
		{BE1FD643-E207-4219-A447-6FD0EFC6EC3E}.Release|Any CPU.Build.0 = Release|Any CPU
		{10C2A714-C686-4D7B-8E58-C4C4DD12C1CB}.Debug|Any CPU.ActiveCfg = Debug|Any CPU
		{10C2A714-C686-4D7B-8E58-C4C4DD12C1CB}.Debug|Any CPU.Build.0 = Debug|Any CPU
		{10C2A714-C686-4D7B-8E58-C4C4DD12C1CB}.Release|Any CPU.ActiveCfg = Release|Any CPU
		{10C2A714-C686-4D7B-8E58-C4C4DD12C1CB}.Release|Any CPU.Build.0 = Release|Any CPU
	EndGlobalSection
	GlobalSection(SolutionProperties) = preSolution
		HideSolutionNode = FALSE
	EndGlobalSection
	GlobalSection(ExtensibilityGlobals) = postSolution
		SolutionGuid = {2C73F631-FC39-4676-8E25-05CB3A7C4508}
	EndGlobalSection
EndGlobal
