
Microsoft Visual Studio Solution File, Format Version 12.00
# Visual Studio Version 16
VisualStudioVersion = 16.0.29411.108
MinimumVisualStudioVersion = 10.0.40219.1
Project("{FAE04EC0-301F-11D3-BF4B-00C04F79EFBC}") = "LoggingDLL", "LoggingDLL\LoggingDLL.csproj", "{A472A253-F3E4-4654-90A7-9FCEF0D097F0}"
EndProject
Project("{FAE04EC0-301F-11D3-BF4B-00C04F79EFBC}") = "AdministrateUsers", "CreateNewUser\AdministrateUsers.csproj", "{BE1FD643-E207-4219-A447-6FD0EFC6EC3E}"
EndProject
Project("{FAE04EC0-301F-11D3-BF4B-00C04F79EFBC}") = "SendingMessages", "SendingMessages\SendingMessages.csproj", "{10C2A714-C686-4D7B-8E58-C4C4DD12C1CB}"
EndProject
Project("{FAE04EC0-301F-11D3-BF4B-00C04F79EFBC}") = "StringHelpers", "ClassLibrary1\StringHelpers.csproj", "{97F3E3E2-1928-40CA-ADBE-5B5B9A48DE05}"
EndProject
Project("{FAE04EC0-301F-11D3-BF4B-00C04F79EFBC}") = "DataManagement", "DataManagement\DataManagement.csproj", "{4084F288-BACA-4C9D-A22C-4C217354DC61}"
EndProject
Project("{FAE04EC0-301F-11D3-BF4B-00C04F79EFBC}") = "DatabaseProvider", "DatabaseProvider\DatabaseProvider.csproj", "{95162151-6C9D-4869-BFBF-BC01F93EE0A5}"
EndProject
Project("{FAE04EC0-301F-11D3-BF4B-00C04F79EFBC}") = "DataTransfer", "DataTransfer\DataTransfer.csproj", "{E092B1EE-9A69-477B-9109-E660C33ACF6D}"
EndProject
Global
	GlobalSection(SolutionConfigurationPlatforms) = preSolution
		Debug|Any CPU = Debug|Any CPU
		Debug|ARM = Debug|ARM
		Debug|ARM64 = Debug|ARM64
		Debug|x64 = Debug|x64
		Debug|x86 = Debug|x86
		Release|Any CPU = Release|Any CPU
		Release|ARM = Release|ARM
		Release|ARM64 = Release|ARM64
		Release|x64 = Release|x64
		Release|x86 = Release|x86
	EndGlobalSection
	GlobalSection(ProjectConfigurationPlatforms) = postSolution
		{A472A253-F3E4-4654-90A7-9FCEF0D097F0}.Debug|Any CPU.ActiveCfg = Debug|Any CPU
		{A472A253-F3E4-4654-90A7-9FCEF0D097F0}.Debug|Any CPU.Build.0 = Debug|Any CPU
		{A472A253-F3E4-4654-90A7-9FCEF0D097F0}.Debug|ARM.ActiveCfg = Debug|Any CPU
		{A472A253-F3E4-4654-90A7-9FCEF0D097F0}.Debug|ARM.Build.0 = Debug|Any CPU
		{A472A253-F3E4-4654-90A7-9FCEF0D097F0}.Debug|ARM64.ActiveCfg = Debug|Any CPU
		{A472A253-F3E4-4654-90A7-9FCEF0D097F0}.Debug|ARM64.Build.0 = Debug|Any CPU
		{A472A253-F3E4-4654-90A7-9FCEF0D097F0}.Debug|x64.ActiveCfg = Debug|Any CPU
		{A472A253-F3E4-4654-90A7-9FCEF0D097F0}.Debug|x64.Build.0 = Debug|Any CPU
		{A472A253-F3E4-4654-90A7-9FCEF0D097F0}.Debug|x86.ActiveCfg = Debug|Any CPU
		{A472A253-F3E4-4654-90A7-9FCEF0D097F0}.Debug|x86.Build.0 = Debug|Any CPU
		{A472A253-F3E4-4654-90A7-9FCEF0D097F0}.Release|Any CPU.ActiveCfg = Release|Any CPU
		{A472A253-F3E4-4654-90A7-9FCEF0D097F0}.Release|Any CPU.Build.0 = Release|Any CPU
		{A472A253-F3E4-4654-90A7-9FCEF0D097F0}.Release|ARM.ActiveCfg = Release|Any CPU
		{A472A253-F3E4-4654-90A7-9FCEF0D097F0}.Release|ARM.Build.0 = Release|Any CPU
		{A472A253-F3E4-4654-90A7-9FCEF0D097F0}.Release|ARM64.ActiveCfg = Release|Any CPU
		{A472A253-F3E4-4654-90A7-9FCEF0D097F0}.Release|ARM64.Build.0 = Release|Any CPU
		{A472A253-F3E4-4654-90A7-9FCEF0D097F0}.Release|x64.ActiveCfg = Release|Any CPU
		{A472A253-F3E4-4654-90A7-9FCEF0D097F0}.Release|x64.Build.0 = Release|Any CPU
		{A472A253-F3E4-4654-90A7-9FCEF0D097F0}.Release|x86.ActiveCfg = Release|Any CPU
		{A472A253-F3E4-4654-90A7-9FCEF0D097F0}.Release|x86.Build.0 = Release|Any CPU
		{BE1FD643-E207-4219-A447-6FD0EFC6EC3E}.Debug|Any CPU.ActiveCfg = Debug|Any CPU
		{BE1FD643-E207-4219-A447-6FD0EFC6EC3E}.Debug|Any CPU.Build.0 = Debug|Any CPU
		{BE1FD643-E207-4219-A447-6FD0EFC6EC3E}.Debug|ARM.ActiveCfg = Debug|Any CPU
		{BE1FD643-E207-4219-A447-6FD0EFC6EC3E}.Debug|ARM.Build.0 = Debug|Any CPU
		{BE1FD643-E207-4219-A447-6FD0EFC6EC3E}.Debug|ARM64.ActiveCfg = Debug|Any CPU
		{BE1FD643-E207-4219-A447-6FD0EFC6EC3E}.Debug|ARM64.Build.0 = Debug|Any CPU
		{BE1FD643-E207-4219-A447-6FD0EFC6EC3E}.Debug|x64.ActiveCfg = Debug|Any CPU
		{BE1FD643-E207-4219-A447-6FD0EFC6EC3E}.Debug|x64.Build.0 = Debug|Any CPU
		{BE1FD643-E207-4219-A447-6FD0EFC6EC3E}.Debug|x86.ActiveCfg = Debug|Any CPU
		{BE1FD643-E207-4219-A447-6FD0EFC6EC3E}.Debug|x86.Build.0 = Debug|Any CPU
		{BE1FD643-E207-4219-A447-6FD0EFC6EC3E}.Release|Any CPU.ActiveCfg = Release|Any CPU
		{BE1FD643-E207-4219-A447-6FD0EFC6EC3E}.Release|Any CPU.Build.0 = Release|Any CPU
		{BE1FD643-E207-4219-A447-6FD0EFC6EC3E}.Release|ARM.ActiveCfg = Release|Any CPU
		{BE1FD643-E207-4219-A447-6FD0EFC6EC3E}.Release|ARM.Build.0 = Release|Any CPU
		{BE1FD643-E207-4219-A447-6FD0EFC6EC3E}.Release|ARM64.ActiveCfg = Release|Any CPU
		{BE1FD643-E207-4219-A447-6FD0EFC6EC3E}.Release|ARM64.Build.0 = Release|Any CPU
		{BE1FD643-E207-4219-A447-6FD0EFC6EC3E}.Release|x64.ActiveCfg = Release|Any CPU
		{BE1FD643-E207-4219-A447-6FD0EFC6EC3E}.Release|x64.Build.0 = Release|Any CPU
		{BE1FD643-E207-4219-A447-6FD0EFC6EC3E}.Release|x86.ActiveCfg = Release|Any CPU
		{BE1FD643-E207-4219-A447-6FD0EFC6EC3E}.Release|x86.Build.0 = Release|Any CPU
		{10C2A714-C686-4D7B-8E58-C4C4DD12C1CB}.Debug|Any CPU.ActiveCfg = Debug|Any CPU
		{10C2A714-C686-4D7B-8E58-C4C4DD12C1CB}.Debug|Any CPU.Build.0 = Debug|Any CPU
		{10C2A714-C686-4D7B-8E58-C4C4DD12C1CB}.Debug|ARM.ActiveCfg = Debug|Any CPU
		{10C2A714-C686-4D7B-8E58-C4C4DD12C1CB}.Debug|ARM.Build.0 = Debug|Any CPU
		{10C2A714-C686-4D7B-8E58-C4C4DD12C1CB}.Debug|ARM64.ActiveCfg = Debug|Any CPU
		{10C2A714-C686-4D7B-8E58-C4C4DD12C1CB}.Debug|ARM64.Build.0 = Debug|Any CPU
		{10C2A714-C686-4D7B-8E58-C4C4DD12C1CB}.Debug|x64.ActiveCfg = Debug|Any CPU
		{10C2A714-C686-4D7B-8E58-C4C4DD12C1CB}.Debug|x64.Build.0 = Debug|Any CPU
		{10C2A714-C686-4D7B-8E58-C4C4DD12C1CB}.Debug|x86.ActiveCfg = Debug|Any CPU
		{10C2A714-C686-4D7B-8E58-C4C4DD12C1CB}.Debug|x86.Build.0 = Debug|Any CPU
		{10C2A714-C686-4D7B-8E58-C4C4DD12C1CB}.Release|Any CPU.ActiveCfg = Release|Any CPU
		{10C2A714-C686-4D7B-8E58-C4C4DD12C1CB}.Release|Any CPU.Build.0 = Release|Any CPU
		{10C2A714-C686-4D7B-8E58-C4C4DD12C1CB}.Release|ARM.ActiveCfg = Release|Any CPU
		{10C2A714-C686-4D7B-8E58-C4C4DD12C1CB}.Release|ARM.Build.0 = Release|Any CPU
		{10C2A714-C686-4D7B-8E58-C4C4DD12C1CB}.Release|ARM64.ActiveCfg = Release|Any CPU
		{10C2A714-C686-4D7B-8E58-C4C4DD12C1CB}.Release|ARM64.Build.0 = Release|Any CPU
		{10C2A714-C686-4D7B-8E58-C4C4DD12C1CB}.Release|x64.ActiveCfg = Release|Any CPU
		{10C2A714-C686-4D7B-8E58-C4C4DD12C1CB}.Release|x64.Build.0 = Release|Any CPU
		{10C2A714-C686-4D7B-8E58-C4C4DD12C1CB}.Release|x86.ActiveCfg = Release|Any CPU
		{10C2A714-C686-4D7B-8E58-C4C4DD12C1CB}.Release|x86.Build.0 = Release|Any CPU
		{97F3E3E2-1928-40CA-ADBE-5B5B9A48DE05}.Debug|Any CPU.ActiveCfg = Debug|Any CPU
		{97F3E3E2-1928-40CA-ADBE-5B5B9A48DE05}.Debug|Any CPU.Build.0 = Debug|Any CPU
		{97F3E3E2-1928-40CA-ADBE-5B5B9A48DE05}.Debug|ARM.ActiveCfg = Debug|Any CPU
		{97F3E3E2-1928-40CA-ADBE-5B5B9A48DE05}.Debug|ARM.Build.0 = Debug|Any CPU
		{97F3E3E2-1928-40CA-ADBE-5B5B9A48DE05}.Debug|ARM64.ActiveCfg = Debug|Any CPU
		{97F3E3E2-1928-40CA-ADBE-5B5B9A48DE05}.Debug|ARM64.Build.0 = Debug|Any CPU
		{97F3E3E2-1928-40CA-ADBE-5B5B9A48DE05}.Debug|x64.ActiveCfg = Debug|Any CPU
		{97F3E3E2-1928-40CA-ADBE-5B5B9A48DE05}.Debug|x64.Build.0 = Debug|Any CPU
		{97F3E3E2-1928-40CA-ADBE-5B5B9A48DE05}.Debug|x86.ActiveCfg = Debug|Any CPU
		{97F3E3E2-1928-40CA-ADBE-5B5B9A48DE05}.Debug|x86.Build.0 = Debug|Any CPU
		{97F3E3E2-1928-40CA-ADBE-5B5B9A48DE05}.Release|Any CPU.ActiveCfg = Release|Any CPU
		{97F3E3E2-1928-40CA-ADBE-5B5B9A48DE05}.Release|Any CPU.Build.0 = Release|Any CPU
		{97F3E3E2-1928-40CA-ADBE-5B5B9A48DE05}.Release|ARM.ActiveCfg = Release|Any CPU
		{97F3E3E2-1928-40CA-ADBE-5B5B9A48DE05}.Release|ARM.Build.0 = Release|Any CPU
		{97F3E3E2-1928-40CA-ADBE-5B5B9A48DE05}.Release|ARM64.ActiveCfg = Release|Any CPU
		{97F3E3E2-1928-40CA-ADBE-5B5B9A48DE05}.Release|ARM64.Build.0 = Release|Any CPU
		{97F3E3E2-1928-40CA-ADBE-5B5B9A48DE05}.Release|x64.ActiveCfg = Release|Any CPU
		{97F3E3E2-1928-40CA-ADBE-5B5B9A48DE05}.Release|x64.Build.0 = Release|Any CPU
		{97F3E3E2-1928-40CA-ADBE-5B5B9A48DE05}.Release|x86.ActiveCfg = Release|Any CPU
		{97F3E3E2-1928-40CA-ADBE-5B5B9A48DE05}.Release|x86.Build.0 = Release|Any CPU
		{4084F288-BACA-4C9D-A22C-4C217354DC61}.Debug|Any CPU.ActiveCfg = Debug|Any CPU
		{4084F288-BACA-4C9D-A22C-4C217354DC61}.Debug|Any CPU.Build.0 = Debug|Any CPU
		{4084F288-BACA-4C9D-A22C-4C217354DC61}.Debug|ARM.ActiveCfg = Debug|Any CPU
		{4084F288-BACA-4C9D-A22C-4C217354DC61}.Debug|ARM.Build.0 = Debug|Any CPU
		{4084F288-BACA-4C9D-A22C-4C217354DC61}.Debug|ARM64.ActiveCfg = Debug|Any CPU
		{4084F288-BACA-4C9D-A22C-4C217354DC61}.Debug|ARM64.Build.0 = Debug|Any CPU
		{4084F288-BACA-4C9D-A22C-4C217354DC61}.Debug|x64.ActiveCfg = Debug|Any CPU
		{4084F288-BACA-4C9D-A22C-4C217354DC61}.Debug|x64.Build.0 = Debug|Any CPU
		{4084F288-BACA-4C9D-A22C-4C217354DC61}.Debug|x86.ActiveCfg = Debug|Any CPU
		{4084F288-BACA-4C9D-A22C-4C217354DC61}.Debug|x86.Build.0 = Debug|Any CPU
		{4084F288-BACA-4C9D-A22C-4C217354DC61}.Release|Any CPU.ActiveCfg = Release|Any CPU
		{4084F288-BACA-4C9D-A22C-4C217354DC61}.Release|Any CPU.Build.0 = Release|Any CPU
		{4084F288-BACA-4C9D-A22C-4C217354DC61}.Release|ARM.ActiveCfg = Release|Any CPU
		{4084F288-BACA-4C9D-A22C-4C217354DC61}.Release|ARM.Build.0 = Release|Any CPU
		{4084F288-BACA-4C9D-A22C-4C217354DC61}.Release|ARM64.ActiveCfg = Release|Any CPU
		{4084F288-BACA-4C9D-A22C-4C217354DC61}.Release|ARM64.Build.0 = Release|Any CPU
		{4084F288-BACA-4C9D-A22C-4C217354DC61}.Release|x64.ActiveCfg = Release|Any CPU
		{4084F288-BACA-4C9D-A22C-4C217354DC61}.Release|x64.Build.0 = Release|Any CPU
		{4084F288-BACA-4C9D-A22C-4C217354DC61}.Release|x86.ActiveCfg = Release|Any CPU
		{4084F288-BACA-4C9D-A22C-4C217354DC61}.Release|x86.Build.0 = Release|Any CPU
		{95162151-6C9D-4869-BFBF-BC01F93EE0A5}.Debug|Any CPU.ActiveCfg = Debug|Any CPU
		{95162151-6C9D-4869-BFBF-BC01F93EE0A5}.Debug|Any CPU.Build.0 = Debug|Any CPU
		{95162151-6C9D-4869-BFBF-BC01F93EE0A5}.Debug|ARM.ActiveCfg = Debug|Any CPU
		{95162151-6C9D-4869-BFBF-BC01F93EE0A5}.Debug|ARM.Build.0 = Debug|Any CPU
		{95162151-6C9D-4869-BFBF-BC01F93EE0A5}.Debug|ARM64.ActiveCfg = Debug|Any CPU
		{95162151-6C9D-4869-BFBF-BC01F93EE0A5}.Debug|ARM64.Build.0 = Debug|Any CPU
		{95162151-6C9D-4869-BFBF-BC01F93EE0A5}.Debug|x64.ActiveCfg = Debug|Any CPU
		{95162151-6C9D-4869-BFBF-BC01F93EE0A5}.Debug|x64.Build.0 = Debug|Any CPU
		{95162151-6C9D-4869-BFBF-BC01F93EE0A5}.Debug|x86.ActiveCfg = Debug|Any CPU
		{95162151-6C9D-4869-BFBF-BC01F93EE0A5}.Debug|x86.Build.0 = Debug|Any CPU
		{95162151-6C9D-4869-BFBF-BC01F93EE0A5}.Release|Any CPU.ActiveCfg = Release|Any CPU
		{95162151-6C9D-4869-BFBF-BC01F93EE0A5}.Release|Any CPU.Build.0 = Release|Any CPU
		{95162151-6C9D-4869-BFBF-BC01F93EE0A5}.Release|ARM.ActiveCfg = Release|Any CPU
		{95162151-6C9D-4869-BFBF-BC01F93EE0A5}.Release|ARM.Build.0 = Release|Any CPU
		{95162151-6C9D-4869-BFBF-BC01F93EE0A5}.Release|ARM64.ActiveCfg = Release|Any CPU
		{95162151-6C9D-4869-BFBF-BC01F93EE0A5}.Release|ARM64.Build.0 = Release|Any CPU
		{95162151-6C9D-4869-BFBF-BC01F93EE0A5}.Release|x64.ActiveCfg = Release|Any CPU
		{95162151-6C9D-4869-BFBF-BC01F93EE0A5}.Release|x64.Build.0 = Release|Any CPU
		{95162151-6C9D-4869-BFBF-BC01F93EE0A5}.Release|x86.ActiveCfg = Release|Any CPU
		{95162151-6C9D-4869-BFBF-BC01F93EE0A5}.Release|x86.Build.0 = Release|Any CPU
		{E092B1EE-9A69-477B-9109-E660C33ACF6D}.Debug|Any CPU.ActiveCfg = Debug|Any CPU
		{E092B1EE-9A69-477B-9109-E660C33ACF6D}.Debug|Any CPU.Build.0 = Debug|Any CPU
		{E092B1EE-9A69-477B-9109-E660C33ACF6D}.Debug|ARM.ActiveCfg = Debug|Any CPU
		{E092B1EE-9A69-477B-9109-E660C33ACF6D}.Debug|ARM.Build.0 = Debug|Any CPU
		{E092B1EE-9A69-477B-9109-E660C33ACF6D}.Debug|ARM64.ActiveCfg = Debug|Any CPU
		{E092B1EE-9A69-477B-9109-E660C33ACF6D}.Debug|ARM64.Build.0 = Debug|Any CPU
		{E092B1EE-9A69-477B-9109-E660C33ACF6D}.Debug|x64.ActiveCfg = Debug|Any CPU
		{E092B1EE-9A69-477B-9109-E660C33ACF6D}.Debug|x64.Build.0 = Debug|Any CPU
		{E092B1EE-9A69-477B-9109-E660C33ACF6D}.Debug|x86.ActiveCfg = Debug|Any CPU
		{E092B1EE-9A69-477B-9109-E660C33ACF6D}.Debug|x86.Build.0 = Debug|Any CPU
		{E092B1EE-9A69-477B-9109-E660C33ACF6D}.Release|Any CPU.ActiveCfg = Release|Any CPU
		{E092B1EE-9A69-477B-9109-E660C33ACF6D}.Release|Any CPU.Build.0 = Release|Any CPU
		{E092B1EE-9A69-477B-9109-E660C33ACF6D}.Release|ARM.ActiveCfg = Release|Any CPU
		{E092B1EE-9A69-477B-9109-E660C33ACF6D}.Release|ARM.Build.0 = Release|Any CPU
		{E092B1EE-9A69-477B-9109-E660C33ACF6D}.Release|ARM64.ActiveCfg = Release|Any CPU
		{E092B1EE-9A69-477B-9109-E660C33ACF6D}.Release|ARM64.Build.0 = Release|Any CPU
		{E092B1EE-9A69-477B-9109-E660C33ACF6D}.Release|x64.ActiveCfg = Release|Any CPU
		{E092B1EE-9A69-477B-9109-E660C33ACF6D}.Release|x64.Build.0 = Release|Any CPU
		{E092B1EE-9A69-477B-9109-E660C33ACF6D}.Release|x86.ActiveCfg = Release|Any CPU
		{E092B1EE-9A69-477B-9109-E660C33ACF6D}.Release|x86.Build.0 = Release|Any CPU
	EndGlobalSection
	GlobalSection(SolutionProperties) = preSolution
		HideSolutionNode = FALSE
	EndGlobalSection
	GlobalSection(ExtensibilityGlobals) = postSolution
		SolutionGuid = {2C73F631-FC39-4676-8E25-05CB3A7C4508}
	EndGlobalSection
EndGlobal
